
Microsoft Visual Studio Solution File, Format Version 12.00
# Visual Studio Version 17
VisualStudioVersion = 17.11.35208.52
MinimumVisualStudioVersion = 10.0.40219.1
Project("{9A19103F-16F7-4668-BE54-9A1E7A4F7556}") = "HashGen", "HashGen\HashGen.csproj", "{ECFFACB7-F0C5-404E-AEBD-053BAB542D56}"
EndProject
Project("{9A19103F-16F7-4668-BE54-9A1E7A4F7556}") = "HashGen.Desktop", "HashGen.Desktop\HashGen.Desktop.csproj", "{07E3BFA8-76B7-46B4-BBA8-1712ECEC1FBA}"
EndProject
Global
	GlobalSection(SolutionConfigurationPlatforms) = preSolution
		Debug|Any CPU = Debug|Any CPU
		Release|Any CPU = Release|Any CPU
	EndGlobalSection
	GlobalSection(ProjectConfigurationPlatforms) = postSolution
		{ECFFACB7-F0C5-404E-AEBD-053BAB542D56}.Debug|Any CPU.ActiveCfg = Debug|Any CPU
		{ECFFACB7-F0C5-404E-AEBD-053BAB542D56}.Debug|Any CPU.Build.0 = Debug|Any CPU
		{ECFFACB7-F0C5-404E-AEBD-053BAB542D56}.Release|Any CPU.ActiveCfg = Release|Any CPU
		{ECFFACB7-F0C5-404E-AEBD-053BAB542D56}.Release|Any CPU.Build.0 = Release|Any CPU
		{07E3BFA8-76B7-46B4-BBA8-1712ECEC1FBA}.Debug|Any CPU.ActiveCfg = Debug|Any CPU
		{07E3BFA8-76B7-46B4-BBA8-1712ECEC1FBA}.Debug|Any CPU.Build.0 = Debug|Any CPU
		{07E3BFA8-76B7-46B4-BBA8-1712ECEC1FBA}.Release|Any CPU.ActiveCfg = Release|Any CPU
		{07E3BFA8-76B7-46B4-BBA8-1712ECEC1FBA}.Release|Any CPU.Build.0 = Release|Any CPU
	EndGlobalSection
	GlobalSection(SolutionProperties) = preSolution
		HideSolutionNode = FALSE
	EndGlobalSection
	GlobalSection(ExtensibilityGlobals) = postSolution
		SolutionGuid = {AE451271-E21F-48BE-AB93-981299D10899}
	EndGlobalSection
EndGlobal
